
Microsoft Visual Studio Solution File, Format Version 12.00
# Visual Studio Version 16
VisualStudioVersion = 16.0.31005.135
MinimumVisualStudioVersion = 10.0.40219.1
Project("{FAE04EC0-301F-11D3-BF4B-00C04F79EFBC}") = "ShopManager", "ShopManager\ShopManager.csproj", "{A8FB9836-A5EB-411A-8CF4-02AAF4CCFCE3}"
EndProject
Global
	GlobalSection(SolutionConfigurationPlatforms) = preSolution
		Debug|Any CPU = Debug|Any CPU
		Release|Any CPU = Release|Any CPU
	EndGlobalSection
	GlobalSection(ProjectConfigurationPlatforms) = postSolution
		{A8FB9836-A5EB-411A-8CF4-02AAF4CCFCE3}.Debug|Any CPU.ActiveCfg = Debug|Any CPU
		{A8FB9836-A5EB-411A-8CF4-02AAF4CCFCE3}.Debug|Any CPU.Build.0 = Debug|Any CPU
		{A8FB9836-A5EB-411A-8CF4-02AAF4CCFCE3}.Release|Any CPU.ActiveCfg = Release|Any CPU
		{A8FB9836-A5EB-411A-8CF4-02AAF4CCFCE3}.Release|Any CPU.Build.0 = Release|Any CPU
	EndGlobalSection
	GlobalSection(SolutionProperties) = preSolution
		HideSolutionNode = FALSE
	EndGlobalSection
	GlobalSection(ExtensibilityGlobals) = postSolution
		SolutionGuid = {76A5A02E-347F-460B-8553-D529DAFB0742}
	EndGlobalSection
EndGlobal
